
Microsoft Visual Studio Solution File, Format Version 12.00
# Visual Studio Version 17
VisualStudioVersion = 17.4.33213.308
MinimumVisualStudioVersion = 10.0.40219.1
Project("{FAE04EC0-301F-11D3-BF4B-00C04F79EFBC}") = "modul5_1302213043", "modul5_1302213043.csproj", "{2AC17D8E-DE2F-42FB-8C65-D342AF6392CD}"
EndProject
Global
	GlobalSection(SolutionConfigurationPlatforms) = preSolution
		Debug|Any CPU = Debug|Any CPU
		Release|Any CPU = Release|Any CPU
	EndGlobalSection
	GlobalSection(ProjectConfigurationPlatforms) = postSolution
		{2AC17D8E-DE2F-42FB-8C65-D342AF6392CD}.Debug|Any CPU.ActiveCfg = Debug|Any CPU
		{2AC17D8E-DE2F-42FB-8C65-D342AF6392CD}.Debug|Any CPU.Build.0 = Debug|Any CPU
		{2AC17D8E-DE2F-42FB-8C65-D342AF6392CD}.Release|Any CPU.ActiveCfg = Release|Any CPU
		{2AC17D8E-DE2F-42FB-8C65-D342AF6392CD}.Release|Any CPU.Build.0 = Release|Any CPU
	EndGlobalSection
	GlobalSection(SolutionProperties) = preSolution
		HideSolutionNode = FALSE
	EndGlobalSection
	GlobalSection(ExtensibilityGlobals) = postSolution
		SolutionGuid = {9EECC832-54EF-499E-8DB8-B64B3FC4AAE0}
	EndGlobalSection
EndGlobal
